
Microsoft Visual Studio Solution File, Format Version 11.00
# Visual Studio 2010
Project("{FAE04EC0-301F-11D3-BF4B-00C04F79EFBC}") = "BT02", "BT02\BT02.csproj", "{D552D818-1E1D-4962-AD8B-787FAE4CA77F}"
EndProject
Global
	GlobalSection(SolutionConfigurationPlatforms) = preSolution
		Debug|x86 = Debug|x86
		Release|x86 = Release|x86
	EndGlobalSection
	GlobalSection(ProjectConfigurationPlatforms) = postSolution
		{D552D818-1E1D-4962-AD8B-787FAE4CA77F}.Debug|x86.ActiveCfg = Debug|x86
		{D552D818-1E1D-4962-AD8B-787FAE4CA77F}.Debug|x86.Build.0 = Debug|x86
		{D552D818-1E1D-4962-AD8B-787FAE4CA77F}.Release|x86.ActiveCfg = Release|x86
		{D552D818-1E1D-4962-AD8B-787FAE4CA77F}.Release|x86.Build.0 = Release|x86
	EndGlobalSection
	GlobalSection(SolutionProperties) = preSolution
		HideSolutionNode = FALSE
	EndGlobalSection
EndGlobal
